{
  "version": "5",
  "specifiers": {
    "npm:hono@^4.12.18": "4.12.18"
  },
  "npm": {
    "hono@4.12.18": {
      "integrity": "sha512-RWzP96k/yv0PQfyXnWjs6zot20TqfpfsNXhOnev8d1InAxubW93L11/oNUc3tQqn2G0bSdAOBpX+2uDFHV7kdQ=="
    }
  },
  "workspace": {
    "packageJson": {
      "dependencies": [
        "npm:hono@^4.12.18"
      ]
    }
  }
}
